
Microsoft Visual Studio Solution File, Format Version 12.00
# Visual Studio Version 17
VisualStudioVersion = 17.14.36301.6 d17.14
MinimumVisualStudioVersion = 10.0.40219.1
Project("{FAE04EC0-301F-11D3-BF4B-00C04F79EFBC}") = "Client", "Client\Client.csproj", "{D975A73F-7C13-4551-B41B-3C13D1379AC3}"
EndProject
Project("{FAE04EC0-301F-11D3-BF4B-00C04F79EFBC}") = "Server", "Server\Server.csproj", "{EAAB8B16-2DC6-48EF-927B-B94E36FB6033}"
EndProject
Project("{FAE04EC0-301F-11D3-BF4B-00C04F79EFBC}") = "Shared", "Shared\Shared.csproj", "{73DEF398-C6F5-457A-8C5A-B6974C2C94AD}"
EndProject
Global
	GlobalSection(SolutionConfigurationPlatforms) = preSolution
		Debug|Any CPU = Debug|Any CPU
		Release|Any CPU = Release|Any CPU
	EndGlobalSection
	GlobalSection(ProjectConfigurationPlatforms) = postSolution
		{D975A73F-7C13-4551-B41B-3C13D1379AC3}.Debug|Any CPU.ActiveCfg = Debug|Any CPU
		{D975A73F-7C13-4551-B41B-3C13D1379AC3}.Debug|Any CPU.Build.0 = Debug|Any CPU
		{D975A73F-7C13-4551-B41B-3C13D1379AC3}.Release|Any CPU.ActiveCfg = Release|Any CPU
		{D975A73F-7C13-4551-B41B-3C13D1379AC3}.Release|Any CPU.Build.0 = Release|Any CPU
		{EAAB8B16-2DC6-48EF-927B-B94E36FB6033}.Debug|Any CPU.ActiveCfg = Debug|Any CPU
		{EAAB8B16-2DC6-48EF-927B-B94E36FB6033}.Debug|Any CPU.Build.0 = Debug|Any CPU
		{EAAB8B16-2DC6-48EF-927B-B94E36FB6033}.Release|Any CPU.ActiveCfg = Release|Any CPU
		{EAAB8B16-2DC6-48EF-927B-B94E36FB6033}.Release|Any CPU.Build.0 = Release|Any CPU
		{73DEF398-C6F5-457A-8C5A-B6974C2C94AD}.Debug|Any CPU.ActiveCfg = Debug|Any CPU
		{73DEF398-C6F5-457A-8C5A-B6974C2C94AD}.Debug|Any CPU.Build.0 = Debug|Any CPU
		{73DEF398-C6F5-457A-8C5A-B6974C2C94AD}.Release|Any CPU.ActiveCfg = Release|Any CPU
		{73DEF398-C6F5-457A-8C5A-B6974C2C94AD}.Release|Any CPU.Build.0 = Release|Any CPU
	EndGlobalSection
	GlobalSection(SolutionProperties) = preSolution
		HideSolutionNode = FALSE
	EndGlobalSection
	GlobalSection(ExtensibilityGlobals) = postSolution
		SolutionGuid = {46B7BBCF-78CD-4E97-93E9-C86E6C21D821}
	EndGlobalSection
EndGlobal
